{
  "name": "MortifiedUnluckyZip",
  "version": "1.0.0",
  "lockfileVersion": 1,
  "requires": true,
  "dependencies": {
    "node-keylogger": {
      "version": "0.0.1",
      "resolved": "https://registry.npmjs.org/node-keylogger/-/node-keylogger-0.0.1.tgz",
      "integrity": "sha1-Cw7MKlk1vJht83te95G7CtaZV0k="
    }
  }
}
